
Microsoft Visual Studio Solution File, Format Version 12.00
Project("{2150E333-8FDC-42A3-9474-1A3956D46DE8}") = "Services", "Services", "{4058BD5C-8646-C73B-B753-E57E8681A98A}"
EndProject
Project("{2150E333-8FDC-42A3-9474-1A3956D46DE8}") = "Gateway", "Gateway", "{7A621748-54AD-5A51-1F4A-B17E56304AA2}"
	ProjectSection(SolutionItems) = preProject
		services\Gateway\Dockerfile = services\Gateway\Dockerfile
		services\Gateway\nginx.conf = services\Gateway\nginx.conf
	EndProjectSection
EndProject
Project("{2150E333-8FDC-42A3-9474-1A3956D46DE8}") = "Identity", "Identity", "{FC670705-18C1-244E-1A9E-4ABA1CD0E93C}"
EndProject
Project("{FAE04EC0-301F-11D3-BF4B-00C04F79EFBC}") = "Identity.Emails", "services\Identity\Identity.Emails\Identity.Emails.csproj", "{2A157A60-ECAC-1B0B-7751-8EA942B49155}"
EndProject
Project("{FAE04EC0-301F-11D3-BF4B-00C04F79EFBC}") = "Identity.Persistence", "services\Identity\Identity.Persistence\Identity.Persistence.csproj", "{1A5A0CCA-6536-7B67-6DF8-696B15BBFD3A}"
EndProject
Project("{FAE04EC0-301F-11D3-BF4B-00C04F79EFBC}") = "Identity.Web", "services\Identity\Identity.Web\Identity.Web.csproj", "{EAF81551-F45D-F900-AFF7-E2DB4EA8C20D}"
EndProject
Project("{2150E333-8FDC-42A3-9474-1A3956D46DE8}") = "Messages", "Messages", "{E1310CDA-DF87-B835-8CEF-1B80C80950C0}"
EndProject
Project("{FAE04EC0-301F-11D3-BF4B-00C04F79EFBC}") = "Messages.Contracts", "services\Messages\Messages.Contracts\Messages.Contracts.csproj", "{7C79218A-87F5-E0DC-518C-873F9D7E724F}"
EndProject
Project("{FAE04EC0-301F-11D3-BF4B-00C04F79EFBC}") = "Messages.SignalRNotifier", "services\Messages\Messages.SignalRNotifier\Messages.SignalRNotifier.csproj", "{DF29D492-9E08-99E0-1F91-62ABC9A36A47}"
EndProject
Project("{2150E333-8FDC-42A3-9474-1A3956D46DE8}") = "Commands", "Commands", "{EFEE3417-2453-B29F-19F6-1D382CE35C03}"
EndProject
Project("{FAE04EC0-301F-11D3-BF4B-00C04F79EFBC}") = "Messages.Commands.Application", "services\Messages\Commands\Messages.Commands.Application\Messages.Commands.Application.csproj", "{64C0A7D5-8BFE-77FB-BD84-47E1A1A3E695}"
EndProject
Project("{FAE04EC0-301F-11D3-BF4B-00C04F79EFBC}") = "Messages.Commands.Domain", "services\Messages\Commands\Messages.Commands.Domain\Messages.Commands.Domain.csproj", "{08006E23-E96F-6C42-29C0-54CDB863D9E7}"
EndProject
Project("{FAE04EC0-301F-11D3-BF4B-00C04F79EFBC}") = "Messages.Commands.MassTransit", "services\Messages\Commands\Messages.Commands.MassTransit\Messages.Commands.MassTransit.csproj", "{BEDE7703-AB81-9452-3AFF-2E37AB293DED}"
EndProject
Project("{FAE04EC0-301F-11D3-BF4B-00C04F79EFBC}") = "Messages.Commands.Persistence", "services\Messages\Commands\Messages.Commands.Persistence\Messages.Commands.Persistence.csproj", "{45E6E9A1-7357-5711-1403-8253A7A72F6E}"
EndProject
Project("{FAE04EC0-301F-11D3-BF4B-00C04F79EFBC}") = "Messages.Commands.Web", "services\Messages\Commands\Messages.Commands.Web\Messages.Commands.Web.csproj", "{CB57CA08-1550-3044-1B06-C15817B164B1}"
EndProject
Project("{2150E333-8FDC-42A3-9474-1A3956D46DE8}") = "Queries", "Queries", "{97582F18-2BFF-786B-8000-6AF431E879C6}"
EndProject
Project("{FAE04EC0-301F-11D3-BF4B-00C04F79EFBC}") = "Messages.Queries.Application", "services\Messages\Queries\Messages.Queries.Application\Messages.Queries.Application.csproj", "{7B04EB9E-9CF8-4ECD-6E99-A90F666A8FE0}"
EndProject
Project("{FAE04EC0-301F-11D3-BF4B-00C04F79EFBC}") = "Messages.Queries.MassTransit", "services\Messages\Queries\Messages.Queries.MassTransit\Messages.Queries.MassTransit.csproj", "{E866F900-C476-4F39-D43A-1970CF67CCA4}"
EndProject
Project("{FAE04EC0-301F-11D3-BF4B-00C04F79EFBC}") = "Messages.Queries.Persistence", "services\Messages\Queries\Messages.Queries.Persistence\Messages.Queries.Persistence.csproj", "{742B3D05-150A-5D3B-4FC3-63E0F85A9AE4}"
EndProject
Project("{FAE04EC0-301F-11D3-BF4B-00C04F79EFBC}") = "Messages.Queries.Web", "services\Messages\Queries\Messages.Queries.Web\Messages.Queries.Web.csproj", "{A82948BE-1CFF-15FA-91CE-F1E9756D98E4}"
EndProject
Project("{2150E333-8FDC-42A3-9474-1A3956D46DE8}") = "SignalRNotifier", "SignalRNotifier", "{542F5E1C-F0D4-A0B8-17D8-7776E63E1EB8}"
EndProject
Project("{2150E333-8FDC-42A3-9474-1A3956D46DE8}") = "Shared", "Shared", "{02391C6F-B808-0A9E-0463-10B2468426D0}"
EndProject
Project("{FAE04EC0-301F-11D3-BF4B-00C04F79EFBC}") = "Shared.Abstractions", "services\Shared\Shared.Abstractions\Shared.Abstractions.csproj", "{8301FF19-408F-81A2-414A-21E9A92B6B9C}"
EndProject
Project("{FAE04EC0-301F-11D3-BF4B-00C04F79EFBC}") = "Shared.Domain", "services\Shared\Shared.Domain\Shared.Domain.csproj", "{C707BED9-368E-4363-FB7F-4DE4D74AA279}"
EndProject
Project("{FAE04EC0-301F-11D3-BF4B-00C04F79EFBC}") = "Shared.EntityFramework", "services\Shared\Shared.EntityFramework\Shared.EntityFramework.csproj", "{E99365CB-DD06-6D94-1D59-F613895FFCD9}"
EndProject
Project("{FAE04EC0-301F-11D3-BF4B-00C04F79EFBC}") = "Shared.Marten", "services\Shared\Shared.Marten\Shared.Marten.csproj", "{4B4066BF-ED24-032B-646A-0E027BBEB256}"
EndProject
Project("{FAE04EC0-301F-11D3-BF4B-00C04F79EFBC}") = "Shared.MediatR", "services\Shared\Shared.MediatR\Shared.MediatR.csproj", "{E99AA0CC-364D-AA32-2614-E450ACF9886C}"
EndProject
Project("{FAE04EC0-301F-11D3-BF4B-00C04F79EFBC}") = "Shared.OpenTelemetry", "services\Shared\Shared.OpenTelemetry\Shared.OpenTelemetry.csproj", "{40D974AD-36ED-C234-A7F7-EADFDD35709D}"
EndProject
Project("{FAE04EC0-301F-11D3-BF4B-00C04F79EFBC}") = "Shared.Redis", "services\Shared\Shared.Redis\Shared.Redis.csproj", "{8B2D39B3-5935-F2B9-A5B6-BD22813734E0}"
EndProject
Project("{FAE04EC0-301F-11D3-BF4B-00C04F79EFBC}") = "Shared.Web", "services\Shared\Shared.Web\Shared.Web.csproj", "{5EC0A52C-0385-F0FE-3308-1879A4B78B5C}"
EndProject
Project("{2150E333-8FDC-42A3-9474-1A3956D46DE8}") = "Solution Items", "Solution Items", "{B3E21FC3-C9E8-C455-FCDE-F50AAA51C7AD}"
	ProjectSection(SolutionItems) = preProject
		docker-compose.yml = docker-compose.yml
		docker-compose.override.yml = docker-compose.override.yml
		.env = .env
	EndProjectSection
EndProject
Project("{2150E333-8FDC-42A3-9474-1A3956D46DE8}") = "Tests", "Tests", "{11ECFD39-D994-1242-B871-A28B2AA04A73}"
EndProject
Project("{FAE04EC0-301F-11D3-BF4B-00C04F79EFBC}") = "Messages.SignalRNotifier.Tests", "Messages.SignalRNotifier.Tests\Messages.SignalRNotifier.Tests.csproj", "{2FFF5BC9-1A53-30A7-7566-E427AD3333D2}"
EndProject
Project("{FAE04EC0-301F-11D3-BF4B-00C04F79EFBC}") = "Messages.Commands.Tests", "tests\Messages.Commands.Tests\Messages.Commands.Tests.csproj", "{95852BF7-5E90-BE08-FBD9-E75DC04232CA}"
EndProject
Project("{FAE04EC0-301F-11D3-BF4B-00C04F79EFBC}") = "Messages.Queries.Tests", "tests\Messages.Queries.Tests\Messages.Queries.Tests.csproj", "{FC6F311E-31B7-BE0E-CA93-BFFA35396609}"
EndProject
Global
	GlobalSection(SolutionConfigurationPlatforms) = preSolution
		Debug|Any CPU = Debug|Any CPU
		Release|Any CPU = Release|Any CPU
	EndGlobalSection
	GlobalSection(ProjectConfigurationPlatforms) = postSolution
		{2A157A60-ECAC-1B0B-7751-8EA942B49155}.Debug|Any CPU.ActiveCfg = Debug|Any CPU
		{2A157A60-ECAC-1B0B-7751-8EA942B49155}.Debug|Any CPU.Build.0 = Debug|Any CPU
		{2A157A60-ECAC-1B0B-7751-8EA942B49155}.Release|Any CPU.ActiveCfg = Release|Any CPU
		{2A157A60-ECAC-1B0B-7751-8EA942B49155}.Release|Any CPU.Build.0 = Release|Any CPU
		{1A5A0CCA-6536-7B67-6DF8-696B15BBFD3A}.Debug|Any CPU.ActiveCfg = Debug|Any CPU
		{1A5A0CCA-6536-7B67-6DF8-696B15BBFD3A}.Debug|Any CPU.Build.0 = Debug|Any CPU
		{1A5A0CCA-6536-7B67-6DF8-696B15BBFD3A}.Release|Any CPU.ActiveCfg = Release|Any CPU
		{1A5A0CCA-6536-7B67-6DF8-696B15BBFD3A}.Release|Any CPU.Build.0 = Release|Any CPU
		{EAF81551-F45D-F900-AFF7-E2DB4EA8C20D}.Debug|Any CPU.ActiveCfg = Debug|Any CPU
		{EAF81551-F45D-F900-AFF7-E2DB4EA8C20D}.Debug|Any CPU.Build.0 = Debug|Any CPU
		{EAF81551-F45D-F900-AFF7-E2DB4EA8C20D}.Release|Any CPU.ActiveCfg = Release|Any CPU
		{EAF81551-F45D-F900-AFF7-E2DB4EA8C20D}.Release|Any CPU.Build.0 = Release|Any CPU
		{7C79218A-87F5-E0DC-518C-873F9D7E724F}.Debug|Any CPU.ActiveCfg = Debug|Any CPU
		{7C79218A-87F5-E0DC-518C-873F9D7E724F}.Debug|Any CPU.Build.0 = Debug|Any CPU
		{7C79218A-87F5-E0DC-518C-873F9D7E724F}.Release|Any CPU.ActiveCfg = Release|Any CPU
		{7C79218A-87F5-E0DC-518C-873F9D7E724F}.Release|Any CPU.Build.0 = Release|Any CPU
		{DF29D492-9E08-99E0-1F91-62ABC9A36A47}.Debug|Any CPU.ActiveCfg = Debug|Any CPU
		{DF29D492-9E08-99E0-1F91-62ABC9A36A47}.Debug|Any CPU.Build.0 = Debug|Any CPU
		{DF29D492-9E08-99E0-1F91-62ABC9A36A47}.Release|Any CPU.ActiveCfg = Release|Any CPU
		{DF29D492-9E08-99E0-1F91-62ABC9A36A47}.Release|Any CPU.Build.0 = Release|Any CPU
		{64C0A7D5-8BFE-77FB-BD84-47E1A1A3E695}.Debug|Any CPU.ActiveCfg = Debug|Any CPU
		{64C0A7D5-8BFE-77FB-BD84-47E1A1A3E695}.Debug|Any CPU.Build.0 = Debug|Any CPU
		{64C0A7D5-8BFE-77FB-BD84-47E1A1A3E695}.Release|Any CPU.ActiveCfg = Release|Any CPU
		{64C0A7D5-8BFE-77FB-BD84-47E1A1A3E695}.Release|Any CPU.Build.0 = Release|Any CPU
		{08006E23-E96F-6C42-29C0-54CDB863D9E7}.Debug|Any CPU.ActiveCfg = Debug|Any CPU
		{08006E23-E96F-6C42-29C0-54CDB863D9E7}.Debug|Any CPU.Build.0 = Debug|Any CPU
		{08006E23-E96F-6C42-29C0-54CDB863D9E7}.Release|Any CPU.ActiveCfg = Release|Any CPU
		{08006E23-E96F-6C42-29C0-54CDB863D9E7}.Release|Any CPU.Build.0 = Release|Any CPU
		{BEDE7703-AB81-9452-3AFF-2E37AB293DED}.Debug|Any CPU.ActiveCfg = Debug|Any CPU
		{BEDE7703-AB81-9452-3AFF-2E37AB293DED}.Debug|Any CPU.Build.0 = Debug|Any CPU
		{BEDE7703-AB81-9452-3AFF-2E37AB293DED}.Release|Any CPU.ActiveCfg = Release|Any CPU
		{BEDE7703-AB81-9452-3AFF-2E37AB293DED}.Release|Any CPU.Build.0 = Release|Any CPU
		{45E6E9A1-7357-5711-1403-8253A7A72F6E}.Debug|Any CPU.ActiveCfg = Debug|Any CPU
		{45E6E9A1-7357-5711-1403-8253A7A72F6E}.Debug|Any CPU.Build.0 = Debug|Any CPU
		{45E6E9A1-7357-5711-1403-8253A7A72F6E}.Release|Any CPU.ActiveCfg = Release|Any CPU
		{45E6E9A1-7357-5711-1403-8253A7A72F6E}.Release|Any CPU.Build.0 = Release|Any CPU
		{CB57CA08-1550-3044-1B06-C15817B164B1}.Debug|Any CPU.ActiveCfg = Debug|Any CPU
		{CB57CA08-1550-3044-1B06-C15817B164B1}.Debug|Any CPU.Build.0 = Debug|Any CPU
		{CB57CA08-1550-3044-1B06-C15817B164B1}.Release|Any CPU.ActiveCfg = Release|Any CPU
		{CB57CA08-1550-3044-1B06-C15817B164B1}.Release|Any CPU.Build.0 = Release|Any CPU
		{7B04EB9E-9CF8-4ECD-6E99-A90F666A8FE0}.Debug|Any CPU.ActiveCfg = Debug|Any CPU
		{7B04EB9E-9CF8-4ECD-6E99-A90F666A8FE0}.Debug|Any CPU.Build.0 = Debug|Any CPU
		{7B04EB9E-9CF8-4ECD-6E99-A90F666A8FE0}.Release|Any CPU.ActiveCfg = Release|Any CPU
		{7B04EB9E-9CF8-4ECD-6E99-A90F666A8FE0}.Release|Any CPU.Build.0 = Release|Any CPU
		{E866F900-C476-4F39-D43A-1970CF67CCA4}.Debug|Any CPU.ActiveCfg = Debug|Any CPU
		{E866F900-C476-4F39-D43A-1970CF67CCA4}.Debug|Any CPU.Build.0 = Debug|Any CPU
		{E866F900-C476-4F39-D43A-1970CF67CCA4}.Release|Any CPU.ActiveCfg = Release|Any CPU
		{E866F900-C476-4F39-D43A-1970CF67CCA4}.Release|Any CPU.Build.0 = Release|Any CPU
		{742B3D05-150A-5D3B-4FC3-63E0F85A9AE4}.Debug|Any CPU.ActiveCfg = Debug|Any CPU
		{742B3D05-150A-5D3B-4FC3-63E0F85A9AE4}.Debug|Any CPU.Build.0 = Debug|Any CPU
		{742B3D05-150A-5D3B-4FC3-63E0F85A9AE4}.Release|Any CPU.ActiveCfg = Release|Any CPU
		{742B3D05-150A-5D3B-4FC3-63E0F85A9AE4}.Release|Any CPU.Build.0 = Release|Any CPU
		{A82948BE-1CFF-15FA-91CE-F1E9756D98E4}.Debug|Any CPU.ActiveCfg = Debug|Any CPU
		{A82948BE-1CFF-15FA-91CE-F1E9756D98E4}.Debug|Any CPU.Build.0 = Debug|Any CPU
		{A82948BE-1CFF-15FA-91CE-F1E9756D98E4}.Release|Any CPU.ActiveCfg = Release|Any CPU
		{A82948BE-1CFF-15FA-91CE-F1E9756D98E4}.Release|Any CPU.Build.0 = Release|Any CPU
		{8301FF19-408F-81A2-414A-21E9A92B6B9C}.Debug|Any CPU.ActiveCfg = Debug|Any CPU
		{8301FF19-408F-81A2-414A-21E9A92B6B9C}.Debug|Any CPU.Build.0 = Debug|Any CPU
		{8301FF19-408F-81A2-414A-21E9A92B6B9C}.Release|Any CPU.ActiveCfg = Release|Any CPU
		{8301FF19-408F-81A2-414A-21E9A92B6B9C}.Release|Any CPU.Build.0 = Release|Any CPU
		{C707BED9-368E-4363-FB7F-4DE4D74AA279}.Debug|Any CPU.ActiveCfg = Debug|Any CPU
		{C707BED9-368E-4363-FB7F-4DE4D74AA279}.Debug|Any CPU.Build.0 = Debug|Any CPU
		{C707BED9-368E-4363-FB7F-4DE4D74AA279}.Release|Any CPU.ActiveCfg = Release|Any CPU
		{C707BED9-368E-4363-FB7F-4DE4D74AA279}.Release|Any CPU.Build.0 = Release|Any CPU
		{E99365CB-DD06-6D94-1D59-F613895FFCD9}.Debug|Any CPU.ActiveCfg = Debug|Any CPU
		{E99365CB-DD06-6D94-1D59-F613895FFCD9}.Debug|Any CPU.Build.0 = Debug|Any CPU
		{E99365CB-DD06-6D94-1D59-F613895FFCD9}.Release|Any CPU.ActiveCfg = Release|Any CPU
		{E99365CB-DD06-6D94-1D59-F613895FFCD9}.Release|Any CPU.Build.0 = Release|Any CPU
		{4B4066BF-ED24-032B-646A-0E027BBEB256}.Debug|Any CPU.ActiveCfg = Debug|Any CPU
		{4B4066BF-ED24-032B-646A-0E027BBEB256}.Debug|Any CPU.Build.0 = Debug|Any CPU
		{4B4066BF-ED24-032B-646A-0E027BBEB256}.Release|Any CPU.ActiveCfg = Release|Any CPU
		{4B4066BF-ED24-032B-646A-0E027BBEB256}.Release|Any CPU.Build.0 = Release|Any CPU
		{E99AA0CC-364D-AA32-2614-E450ACF9886C}.Debug|Any CPU.ActiveCfg = Debug|Any CPU
		{E99AA0CC-364D-AA32-2614-E450ACF9886C}.Debug|Any CPU.Build.0 = Debug|Any CPU
		{E99AA0CC-364D-AA32-2614-E450ACF9886C}.Release|Any CPU.ActiveCfg = Release|Any CPU
		{E99AA0CC-364D-AA32-2614-E450ACF9886C}.Release|Any CPU.Build.0 = Release|Any CPU
		{40D974AD-36ED-C234-A7F7-EADFDD35709D}.Debug|Any CPU.ActiveCfg = Debug|Any CPU
		{40D974AD-36ED-C234-A7F7-EADFDD35709D}.Debug|Any CPU.Build.0 = Debug|Any CPU
		{40D974AD-36ED-C234-A7F7-EADFDD35709D}.Release|Any CPU.ActiveCfg = Release|Any CPU
		{40D974AD-36ED-C234-A7F7-EADFDD35709D}.Release|Any CPU.Build.0 = Release|Any CPU
		{8B2D39B3-5935-F2B9-A5B6-BD22813734E0}.Debug|Any CPU.ActiveCfg = Debug|Any CPU
		{8B2D39B3-5935-F2B9-A5B6-BD22813734E0}.Debug|Any CPU.Build.0 = Debug|Any CPU
		{8B2D39B3-5935-F2B9-A5B6-BD22813734E0}.Release|Any CPU.ActiveCfg = Release|Any CPU
		{8B2D39B3-5935-F2B9-A5B6-BD22813734E0}.Release|Any CPU.Build.0 = Release|Any CPU
		{5EC0A52C-0385-F0FE-3308-1879A4B78B5C}.Debug|Any CPU.ActiveCfg = Debug|Any CPU
		{5EC0A52C-0385-F0FE-3308-1879A4B78B5C}.Debug|Any CPU.Build.0 = Debug|Any CPU
		{5EC0A52C-0385-F0FE-3308-1879A4B78B5C}.Release|Any CPU.ActiveCfg = Release|Any CPU
		{5EC0A52C-0385-F0FE-3308-1879A4B78B5C}.Release|Any CPU.Build.0 = Release|Any CPU
		{2FFF5BC9-1A53-30A7-7566-E427AD3333D2}.Debug|Any CPU.ActiveCfg = Debug|Any CPU
		{2FFF5BC9-1A53-30A7-7566-E427AD3333D2}.Debug|Any CPU.Build.0 = Debug|Any CPU
		{2FFF5BC9-1A53-30A7-7566-E427AD3333D2}.Release|Any CPU.ActiveCfg = Release|Any CPU
		{2FFF5BC9-1A53-30A7-7566-E427AD3333D2}.Release|Any CPU.Build.0 = Release|Any CPU
		{95852BF7-5E90-BE08-FBD9-E75DC04232CA}.Debug|Any CPU.ActiveCfg = Debug|Any CPU
		{95852BF7-5E90-BE08-FBD9-E75DC04232CA}.Debug|Any CPU.Build.0 = Debug|Any CPU
		{95852BF7-5E90-BE08-FBD9-E75DC04232CA}.Release|Any CPU.ActiveCfg = Release|Any CPU
		{95852BF7-5E90-BE08-FBD9-E75DC04232CA}.Release|Any CPU.Build.0 = Release|Any CPU
		{FC6F311E-31B7-BE0E-CA93-BFFA35396609}.Debug|Any CPU.ActiveCfg = Debug|Any CPU
		{FC6F311E-31B7-BE0E-CA93-BFFA35396609}.Debug|Any CPU.Build.0 = Debug|Any CPU
		{FC6F311E-31B7-BE0E-CA93-BFFA35396609}.Release|Any CPU.ActiveCfg = Release|Any CPU
		{FC6F311E-31B7-BE0E-CA93-BFFA35396609}.Release|Any CPU.Build.0 = Release|Any CPU
	EndGlobalSection
	GlobalSection(NestedProjects) = preSolution
		{7A621748-54AD-5A51-1F4A-B17E56304AA2} = {4058BD5C-8646-C73B-B753-E57E8681A98A}
		{FC670705-18C1-244E-1A9E-4ABA1CD0E93C} = {4058BD5C-8646-C73B-B753-E57E8681A98A}
		{E1310CDA-DF87-B835-8CEF-1B80C80950C0} = {4058BD5C-8646-C73B-B753-E57E8681A98A}
		{02391C6F-B808-0A9E-0463-10B2468426D0} = {4058BD5C-8646-C73B-B753-E57E8681A98A}
		{2A157A60-ECAC-1B0B-7751-8EA942B49155} = {FC670705-18C1-244E-1A9E-4ABA1CD0E93C}
		{1A5A0CCA-6536-7B67-6DF8-696B15BBFD3A} = {FC670705-18C1-244E-1A9E-4ABA1CD0E93C}
		{EAF81551-F45D-F900-AFF7-E2DB4EA8C20D} = {FC670705-18C1-244E-1A9E-4ABA1CD0E93C}
		{7C79218A-87F5-E0DC-518C-873F9D7E724F} = {E1310CDA-DF87-B835-8CEF-1B80C80950C0}
		{DF29D492-9E08-99E0-1F91-62ABC9A36A47} = {E1310CDA-DF87-B835-8CEF-1B80C80950C0}
		{EFEE3417-2453-B29F-19F6-1D382CE35C03} = {E1310CDA-DF87-B835-8CEF-1B80C80950C0}
		{97582F18-2BFF-786B-8000-6AF431E879C6} = {E1310CDA-DF87-B835-8CEF-1B80C80950C0}
		{542F5E1C-F0D4-A0B8-17D8-7776E63E1EB8} = {E1310CDA-DF87-B835-8CEF-1B80C80950C0}
		{64C0A7D5-8BFE-77FB-BD84-47E1A1A3E695} = {EFEE3417-2453-B29F-19F6-1D382CE35C03}
		{08006E23-E96F-6C42-29C0-54CDB863D9E7} = {EFEE3417-2453-B29F-19F6-1D382CE35C03}
		{BEDE7703-AB81-9452-3AFF-2E37AB293DED} = {EFEE3417-2453-B29F-19F6-1D382CE35C03}
		{45E6E9A1-7357-5711-1403-8253A7A72F6E} = {EFEE3417-2453-B29F-19F6-1D382CE35C03}
		{CB57CA08-1550-3044-1B06-C15817B164B1} = {EFEE3417-2453-B29F-19F6-1D382CE35C03}
		{7B04EB9E-9CF8-4ECD-6E99-A90F666A8FE0} = {97582F18-2BFF-786B-8000-6AF431E879C6}
		{E866F900-C476-4F39-D43A-1970CF67CCA4} = {97582F18-2BFF-786B-8000-6AF431E879C6}
		{742B3D05-150A-5D3B-4FC3-63E0F85A9AE4} = {97582F18-2BFF-786B-8000-6AF431E879C6}
		{A82948BE-1CFF-15FA-91CE-F1E9756D98E4} = {97582F18-2BFF-786B-8000-6AF431E879C6}
		{8301FF19-408F-81A2-414A-21E9A92B6B9C} = {02391C6F-B808-0A9E-0463-10B2468426D0}
		{C707BED9-368E-4363-FB7F-4DE4D74AA279} = {02391C6F-B808-0A9E-0463-10B2468426D0}
		{E99365CB-DD06-6D94-1D59-F613895FFCD9} = {02391C6F-B808-0A9E-0463-10B2468426D0}
		{4B4066BF-ED24-032B-646A-0E027BBEB256} = {02391C6F-B808-0A9E-0463-10B2468426D0}
		{E99AA0CC-364D-AA32-2614-E450ACF9886C} = {02391C6F-B808-0A9E-0463-10B2468426D0}
		{40D974AD-36ED-C234-A7F7-EADFDD35709D} = {02391C6F-B808-0A9E-0463-10B2468426D0}
		{8B2D39B3-5935-F2B9-A5B6-BD22813734E0} = {02391C6F-B808-0A9E-0463-10B2468426D0}
		{5EC0A52C-0385-F0FE-3308-1879A4B78B5C} = {02391C6F-B808-0A9E-0463-10B2468426D0}
		{2FFF5BC9-1A53-30A7-7566-E427AD3333D2} = {11ECFD39-D994-1242-B871-A28B2AA04A73}
		{95852BF7-5E90-BE08-FBD9-E75DC04232CA} = {11ECFD39-D994-1242-B871-A28B2AA04A73}
		{FC6F311E-31B7-BE0E-CA93-BFFA35396609} = {11ECFD39-D994-1242-B871-A28B2AA04A73}
	EndGlobalSection
EndGlobal
