
Microsoft Visual Studio Solution File, Format Version 12.00
Project("{2150E333-8FDC-42A3-9474-1A3956D46DE8}") = "Services", "Services", "{BD098D13-918C-4FF2-A2C2-54D50852D29A}"
EndProject
Project("{2150E333-8FDC-42A3-9474-1A3956D46DE8}") = "Solution Items", "Solution Items", "{61B1CAE0-8FD6-41A4-BA9E-333E17C47457}"
	ProjectSection(SolutionItems) = preProject
		docker-compose.yml = docker-compose.yml
		docker-compose.override.yml = docker-compose.override.yml
		.gitignore = .gitignore
		.env = .env
		.act-env = .act-env
		.actrc = .actrc
	EndProjectSection
EndProject
Project("{2150E333-8FDC-42A3-9474-1A3956D46DE8}") = "Shared", "Shared", "{784699D3-9616-4E66-9795-10D5FDDA74FF}"
EndProject
Project("{FAE04EC0-301F-11D3-BF4B-00C04F79EFBC}") = "Shared.Abstractions", "services\Shared\Shared.Abstractions\Shared.Abstractions.csproj", "{CEE40E27-55C9-4DC7-B75E-617E4E27140F}"
EndProject
Project("{FAE04EC0-301F-11D3-BF4B-00C04F79EFBC}") = "Shared.Domain", "services\Shared\Shared.Domain\Shared.Domain.csproj", "{FB3369D5-F18A-4AB3-8E93-3ABBA6CF6101}"
EndProject
Project("{FAE04EC0-301F-11D3-BF4B-00C04F79EFBC}") = "Shared.Web", "services\Shared\Shared.Web\Shared.Web.csproj", "{6CB1334D-92D7-437A-9332-45C426AE999A}"
EndProject
Project("{2150E333-8FDC-42A3-9474-1A3956D46DE8}") = "Identity", "Identity", "{374FD582-A0F9-405F-91BD-A032B04F2002}"
EndProject
Project("{FAE04EC0-301F-11D3-BF4B-00C04F79EFBC}") = "Identity.Web", "services\Identity\Identity.Web\Identity.Web.csproj", "{219DA27D-CBF6-41F6-9F84-412DD0A72317}"
EndProject
Project("{FAE04EC0-301F-11D3-BF4B-00C04F79EFBC}") = "Identity.Persistence", "services\Identity\Identity.Persistence\Identity.Persistence.csproj", "{B7E0391A-B909-42E3-8656-7EFAA3D18306}"
EndProject
Project("{FAE04EC0-301F-11D3-BF4B-00C04F79EFBC}") = "Identity.Emails", "services\Identity\Identity.Emails\Identity.Emails.csproj", "{107EBF50-F47E-4B2E-85C6-0CD63D6E152D}"
EndProject
Project("{FAE04EC0-301F-11D3-BF4B-00C04F79EFBC}") = "Shared.OpenTelemetry", "services\Shared\Shared.OpenTelemetry\Shared.OpenTelemetry.csproj", "{C46FA255-289D-4398-8AC8-24C2244BC954}"
EndProject
Project("{2150E333-8FDC-42A3-9474-1A3956D46DE8}") = "Messages", "Messages", "{EC3AC6B8-24F1-4440-8710-0330B70C6A59}"
EndProject
Project("{FAE04EC0-301F-11D3-BF4B-00C04F79EFBC}") = "Shared.MediatR", "services\Shared\Shared.MediatR\Shared.MediatR.csproj", "{5BA3A208-6102-48E3-AE07-7C2C86B622D9}"
EndProject
Project("{FAE04EC0-301F-11D3-BF4B-00C04F79EFBC}") = "Shared.Marten", "services\Shared\Shared.Marten\Shared.Marten.csproj", "{EF119103-E8E1-48AC-9889-B9554E68A229}"
EndProject
Project("{FAE04EC0-301F-11D3-BF4B-00C04F79EFBC}") = "Shared.EntityFramework", "services\Shared\Shared.EntityFramework\Shared.EntityFramework.csproj", "{DF85487F-0239-462E-BFD9-2A73B24F1DEA}"
EndProject
Project("{FAE04EC0-301F-11D3-BF4B-00C04F79EFBC}") = "Messages.Contracts", "services\Messages\Messages.Contracts\Messages.Contracts.csproj", "{3445D960-1615-4326-A827-C0069D8F0C67}"
EndProject
Project("{2150E333-8FDC-42A3-9474-1A3956D46DE8}") = "Gateway", "Gateway", "{B4F949BA-900E-43A5-9B8D-7631A05AC1E6}"
	ProjectSection(SolutionItems) = preProject
		services\Gateway\Dockerfile = services\Gateway\Dockerfile
		services\Gateway\nginx.conf = services\Gateway\nginx.conf
	EndProjectSection
EndProject
Project("{2150E333-8FDC-42A3-9474-1A3956D46DE8}") = "Commands", "Commands", "{7695228B-CCBB-4E29-91ED-0BAEB9FE8988}"
EndProject
Project("{FAE04EC0-301F-11D3-BF4B-00C04F79EFBC}") = "Messages.Commands.Application", "services\Messages\Commands\Messages.Commands.Application\Messages.Commands.Application.csproj", "{1485E7C1-09D6-463E-ABCA-75BD3F5DDBF5}"
EndProject
Project("{FAE04EC0-301F-11D3-BF4B-00C04F79EFBC}") = "Messages.Commands.Domain", "services\Messages\Commands\Messages.Commands.Domain\Messages.Commands.Domain.csproj", "{098B731A-7A8E-4A82-B5E3-CFECB05851AB}"
EndProject
Project("{FAE04EC0-301F-11D3-BF4B-00C04F79EFBC}") = "Messages.Commands.MassTransit", "services\Messages\Commands\Messages.Commands.MassTransit\Messages.Commands.MassTransit.csproj", "{784EF8D4-C2BE-4C58-A9F0-9BE31A0B3A74}"
EndProject
Project("{FAE04EC0-301F-11D3-BF4B-00C04F79EFBC}") = "Messages.Commands.Persistence", "services\Messages\Commands\Messages.Commands.Persistence\Messages.Commands.Persistence.csproj", "{D7C9784E-18BC-4761-8B25-DB67667DFC08}"
EndProject
Project("{FAE04EC0-301F-11D3-BF4B-00C04F79EFBC}") = "Messages.Commands.Web", "services\Messages\Commands\Messages.Commands.Web\Messages.Commands.Web.csproj", "{2BCF63EC-AF59-422C-AA7A-3EE00D4C15B2}"
EndProject
Project("{2150E333-8FDC-42A3-9474-1A3956D46DE8}") = "Queries", "Queries", "{E92EB58E-2E03-4018-9E7E-86DC833263E8}"
EndProject
Project("{FAE04EC0-301F-11D3-BF4B-00C04F79EFBC}") = "Messages.Queries.Persistence", "services\Messages\Queries\Messages.Queries.Persistence\Messages.Queries.Persistence.csproj", "{19FD66F7-9AFA-467C-B659-B7712FD427A8}"
EndProject
Project("{FAE04EC0-301F-11D3-BF4B-00C04F79EFBC}") = "Messages.Queries.Application", "services\Messages\Queries\Messages.Queries.Application\Messages.Queries.Application.csproj", "{FA3B8452-E752-4E3D-9916-1D4FD7182995}"
EndProject
Project("{FAE04EC0-301F-11D3-BF4B-00C04F79EFBC}") = "Messages.Queries.MassTransit", "services\Messages\Queries\Messages.Queries.MassTransit\Messages.Queries.MassTransit.csproj", "{1308799F-6094-4567-A388-3B80FD2C0FD5}"
EndProject
Project("{FAE04EC0-301F-11D3-BF4B-00C04F79EFBC}") = "Messages.Queries.Web", "services\Messages\Queries\Messages.Queries.Web\Messages.Queries.Web.csproj", "{8331AEFA-E461-4EC6-B54B-16056A6E1CAC}"
EndProject
Project("{FAE04EC0-301F-11D3-BF4B-00C04F79EFBC}") = "Shared.Redis", "services\Shared\Shared.Redis\Shared.Redis.csproj", "{AB0BE10B-BDDA-4CD5-B0E8-EF0025ED2F7C}"
EndProject
Project("{FAE04EC0-301F-11D3-BF4B-00C04F79EFBC}") = "Messages.SignalRNotifier", "services\Messages\Messages.SignalRNotifier\Messages.SignalRNotifier.csproj", "{CE31FCB9-2890-477A-B064-A14CE36F6E26}"
EndProject
Project("{FAE04EC0-301F-11D3-BF4B-00C04F79EFBC}") = "Messages.Commands.Application.Tests", "Messages.Commands.Application.Tests\Messages.Commands.Application.Tests.csproj", "{CE11BC1C-E8DA-48E5-877F-ACB91752CB79}"
EndProject
Global
	GlobalSection(SolutionConfigurationPlatforms) = preSolution
		Debug|Any CPU = Debug|Any CPU
		Release|Any CPU = Release|Any CPU
	EndGlobalSection
	GlobalSection(NestedProjects) = preSolution
		{784699D3-9616-4E66-9795-10D5FDDA74FF} = {BD098D13-918C-4FF2-A2C2-54D50852D29A}
		{CEE40E27-55C9-4DC7-B75E-617E4E27140F} = {784699D3-9616-4E66-9795-10D5FDDA74FF}
		{FB3369D5-F18A-4AB3-8E93-3ABBA6CF6101} = {784699D3-9616-4E66-9795-10D5FDDA74FF}
		{6CB1334D-92D7-437A-9332-45C426AE999A} = {784699D3-9616-4E66-9795-10D5FDDA74FF}
		{374FD582-A0F9-405F-91BD-A032B04F2002} = {BD098D13-918C-4FF2-A2C2-54D50852D29A}
		{219DA27D-CBF6-41F6-9F84-412DD0A72317} = {374FD582-A0F9-405F-91BD-A032B04F2002}
		{B7E0391A-B909-42E3-8656-7EFAA3D18306} = {374FD582-A0F9-405F-91BD-A032B04F2002}
		{107EBF50-F47E-4B2E-85C6-0CD63D6E152D} = {374FD582-A0F9-405F-91BD-A032B04F2002}
		{C46FA255-289D-4398-8AC8-24C2244BC954} = {784699D3-9616-4E66-9795-10D5FDDA74FF}
		{EC3AC6B8-24F1-4440-8710-0330B70C6A59} = {BD098D13-918C-4FF2-A2C2-54D50852D29A}
		{5BA3A208-6102-48E3-AE07-7C2C86B622D9} = {784699D3-9616-4E66-9795-10D5FDDA74FF}
		{EF119103-E8E1-48AC-9889-B9554E68A229} = {784699D3-9616-4E66-9795-10D5FDDA74FF}
		{DF85487F-0239-462E-BFD9-2A73B24F1DEA} = {784699D3-9616-4E66-9795-10D5FDDA74FF}
		{3445D960-1615-4326-A827-C0069D8F0C67} = {EC3AC6B8-24F1-4440-8710-0330B70C6A59}
		{B4F949BA-900E-43A5-9B8D-7631A05AC1E6} = {BD098D13-918C-4FF2-A2C2-54D50852D29A}
		{7695228B-CCBB-4E29-91ED-0BAEB9FE8988} = {EC3AC6B8-24F1-4440-8710-0330B70C6A59}
		{1485E7C1-09D6-463E-ABCA-75BD3F5DDBF5} = {7695228B-CCBB-4E29-91ED-0BAEB9FE8988}
		{098B731A-7A8E-4A82-B5E3-CFECB05851AB} = {7695228B-CCBB-4E29-91ED-0BAEB9FE8988}
		{784EF8D4-C2BE-4C58-A9F0-9BE31A0B3A74} = {7695228B-CCBB-4E29-91ED-0BAEB9FE8988}
		{D7C9784E-18BC-4761-8B25-DB67667DFC08} = {7695228B-CCBB-4E29-91ED-0BAEB9FE8988}
		{2BCF63EC-AF59-422C-AA7A-3EE00D4C15B2} = {7695228B-CCBB-4E29-91ED-0BAEB9FE8988}
		{E92EB58E-2E03-4018-9E7E-86DC833263E8} = {EC3AC6B8-24F1-4440-8710-0330B70C6A59}
		{19FD66F7-9AFA-467C-B659-B7712FD427A8} = {E92EB58E-2E03-4018-9E7E-86DC833263E8}
		{FA3B8452-E752-4E3D-9916-1D4FD7182995} = {E92EB58E-2E03-4018-9E7E-86DC833263E8}
		{1308799F-6094-4567-A388-3B80FD2C0FD5} = {E92EB58E-2E03-4018-9E7E-86DC833263E8}
		{8331AEFA-E461-4EC6-B54B-16056A6E1CAC} = {E92EB58E-2E03-4018-9E7E-86DC833263E8}
		{AB0BE10B-BDDA-4CD5-B0E8-EF0025ED2F7C} = {784699D3-9616-4E66-9795-10D5FDDA74FF}
		{CE31FCB9-2890-477A-B064-A14CE36F6E26} = {EC3AC6B8-24F1-4440-8710-0330B70C6A59}
		{CE11BC1C-E8DA-48E5-877F-ACB91752CB79} = {7695228B-CCBB-4E29-91ED-0BAEB9FE8988}
	EndGlobalSection
	GlobalSection(ProjectConfigurationPlatforms) = postSolution
		{CEE40E27-55C9-4DC7-B75E-617E4E27140F}.Debug|Any CPU.ActiveCfg = Debug|Any CPU
		{CEE40E27-55C9-4DC7-B75E-617E4E27140F}.Debug|Any CPU.Build.0 = Debug|Any CPU
		{CEE40E27-55C9-4DC7-B75E-617E4E27140F}.Release|Any CPU.ActiveCfg = Release|Any CPU
		{CEE40E27-55C9-4DC7-B75E-617E4E27140F}.Release|Any CPU.Build.0 = Release|Any CPU
		{FB3369D5-F18A-4AB3-8E93-3ABBA6CF6101}.Debug|Any CPU.ActiveCfg = Debug|Any CPU
		{FB3369D5-F18A-4AB3-8E93-3ABBA6CF6101}.Debug|Any CPU.Build.0 = Debug|Any CPU
		{FB3369D5-F18A-4AB3-8E93-3ABBA6CF6101}.Release|Any CPU.ActiveCfg = Release|Any CPU
		{FB3369D5-F18A-4AB3-8E93-3ABBA6CF6101}.Release|Any CPU.Build.0 = Release|Any CPU
		{6CB1334D-92D7-437A-9332-45C426AE999A}.Debug|Any CPU.ActiveCfg = Debug|Any CPU
		{6CB1334D-92D7-437A-9332-45C426AE999A}.Debug|Any CPU.Build.0 = Debug|Any CPU
		{6CB1334D-92D7-437A-9332-45C426AE999A}.Release|Any CPU.ActiveCfg = Release|Any CPU
		{6CB1334D-92D7-437A-9332-45C426AE999A}.Release|Any CPU.Build.0 = Release|Any CPU
		{219DA27D-CBF6-41F6-9F84-412DD0A72317}.Debug|Any CPU.ActiveCfg = Debug|Any CPU
		{219DA27D-CBF6-41F6-9F84-412DD0A72317}.Debug|Any CPU.Build.0 = Debug|Any CPU
		{219DA27D-CBF6-41F6-9F84-412DD0A72317}.Release|Any CPU.ActiveCfg = Release|Any CPU
		{219DA27D-CBF6-41F6-9F84-412DD0A72317}.Release|Any CPU.Build.0 = Release|Any CPU
		{B7E0391A-B909-42E3-8656-7EFAA3D18306}.Debug|Any CPU.ActiveCfg = Debug|Any CPU
		{B7E0391A-B909-42E3-8656-7EFAA3D18306}.Debug|Any CPU.Build.0 = Debug|Any CPU
		{B7E0391A-B909-42E3-8656-7EFAA3D18306}.Release|Any CPU.ActiveCfg = Release|Any CPU
		{B7E0391A-B909-42E3-8656-7EFAA3D18306}.Release|Any CPU.Build.0 = Release|Any CPU
		{107EBF50-F47E-4B2E-85C6-0CD63D6E152D}.Debug|Any CPU.ActiveCfg = Debug|Any CPU
		{107EBF50-F47E-4B2E-85C6-0CD63D6E152D}.Debug|Any CPU.Build.0 = Debug|Any CPU
		{107EBF50-F47E-4B2E-85C6-0CD63D6E152D}.Release|Any CPU.ActiveCfg = Release|Any CPU
		{107EBF50-F47E-4B2E-85C6-0CD63D6E152D}.Release|Any CPU.Build.0 = Release|Any CPU
		{C46FA255-289D-4398-8AC8-24C2244BC954}.Debug|Any CPU.ActiveCfg = Debug|Any CPU
		{C46FA255-289D-4398-8AC8-24C2244BC954}.Debug|Any CPU.Build.0 = Debug|Any CPU
		{C46FA255-289D-4398-8AC8-24C2244BC954}.Release|Any CPU.ActiveCfg = Release|Any CPU
		{C46FA255-289D-4398-8AC8-24C2244BC954}.Release|Any CPU.Build.0 = Release|Any CPU
		{5BA3A208-6102-48E3-AE07-7C2C86B622D9}.Debug|Any CPU.ActiveCfg = Debug|Any CPU
		{5BA3A208-6102-48E3-AE07-7C2C86B622D9}.Debug|Any CPU.Build.0 = Debug|Any CPU
		{5BA3A208-6102-48E3-AE07-7C2C86B622D9}.Release|Any CPU.ActiveCfg = Release|Any CPU
		{5BA3A208-6102-48E3-AE07-7C2C86B622D9}.Release|Any CPU.Build.0 = Release|Any CPU
		{EF119103-E8E1-48AC-9889-B9554E68A229}.Debug|Any CPU.ActiveCfg = Debug|Any CPU
		{EF119103-E8E1-48AC-9889-B9554E68A229}.Debug|Any CPU.Build.0 = Debug|Any CPU
		{EF119103-E8E1-48AC-9889-B9554E68A229}.Release|Any CPU.ActiveCfg = Release|Any CPU
		{EF119103-E8E1-48AC-9889-B9554E68A229}.Release|Any CPU.Build.0 = Release|Any CPU
		{DF85487F-0239-462E-BFD9-2A73B24F1DEA}.Debug|Any CPU.ActiveCfg = Debug|Any CPU
		{DF85487F-0239-462E-BFD9-2A73B24F1DEA}.Debug|Any CPU.Build.0 = Debug|Any CPU
		{DF85487F-0239-462E-BFD9-2A73B24F1DEA}.Release|Any CPU.ActiveCfg = Release|Any CPU
		{DF85487F-0239-462E-BFD9-2A73B24F1DEA}.Release|Any CPU.Build.0 = Release|Any CPU
		{3445D960-1615-4326-A827-C0069D8F0C67}.Debug|Any CPU.ActiveCfg = Debug|Any CPU
		{3445D960-1615-4326-A827-C0069D8F0C67}.Debug|Any CPU.Build.0 = Debug|Any CPU
		{3445D960-1615-4326-A827-C0069D8F0C67}.Release|Any CPU.ActiveCfg = Release|Any CPU
		{3445D960-1615-4326-A827-C0069D8F0C67}.Release|Any CPU.Build.0 = Release|Any CPU
		{1485E7C1-09D6-463E-ABCA-75BD3F5DDBF5}.Debug|Any CPU.ActiveCfg = Debug|Any CPU
		{1485E7C1-09D6-463E-ABCA-75BD3F5DDBF5}.Debug|Any CPU.Build.0 = Debug|Any CPU
		{1485E7C1-09D6-463E-ABCA-75BD3F5DDBF5}.Release|Any CPU.ActiveCfg = Release|Any CPU
		{1485E7C1-09D6-463E-ABCA-75BD3F5DDBF5}.Release|Any CPU.Build.0 = Release|Any CPU
		{098B731A-7A8E-4A82-B5E3-CFECB05851AB}.Debug|Any CPU.ActiveCfg = Debug|Any CPU
		{098B731A-7A8E-4A82-B5E3-CFECB05851AB}.Debug|Any CPU.Build.0 = Debug|Any CPU
		{098B731A-7A8E-4A82-B5E3-CFECB05851AB}.Release|Any CPU.ActiveCfg = Release|Any CPU
		{098B731A-7A8E-4A82-B5E3-CFECB05851AB}.Release|Any CPU.Build.0 = Release|Any CPU
		{784EF8D4-C2BE-4C58-A9F0-9BE31A0B3A74}.Debug|Any CPU.ActiveCfg = Debug|Any CPU
		{784EF8D4-C2BE-4C58-A9F0-9BE31A0B3A74}.Debug|Any CPU.Build.0 = Debug|Any CPU
		{784EF8D4-C2BE-4C58-A9F0-9BE31A0B3A74}.Release|Any CPU.ActiveCfg = Release|Any CPU
		{784EF8D4-C2BE-4C58-A9F0-9BE31A0B3A74}.Release|Any CPU.Build.0 = Release|Any CPU
		{D7C9784E-18BC-4761-8B25-DB67667DFC08}.Debug|Any CPU.ActiveCfg = Debug|Any CPU
		{D7C9784E-18BC-4761-8B25-DB67667DFC08}.Debug|Any CPU.Build.0 = Debug|Any CPU
		{D7C9784E-18BC-4761-8B25-DB67667DFC08}.Release|Any CPU.ActiveCfg = Release|Any CPU
		{D7C9784E-18BC-4761-8B25-DB67667DFC08}.Release|Any CPU.Build.0 = Release|Any CPU
		{2BCF63EC-AF59-422C-AA7A-3EE00D4C15B2}.Debug|Any CPU.ActiveCfg = Debug|Any CPU
		{2BCF63EC-AF59-422C-AA7A-3EE00D4C15B2}.Debug|Any CPU.Build.0 = Debug|Any CPU
		{2BCF63EC-AF59-422C-AA7A-3EE00D4C15B2}.Release|Any CPU.ActiveCfg = Release|Any CPU
		{2BCF63EC-AF59-422C-AA7A-3EE00D4C15B2}.Release|Any CPU.Build.0 = Release|Any CPU
		{19FD66F7-9AFA-467C-B659-B7712FD427A8}.Debug|Any CPU.ActiveCfg = Debug|Any CPU
		{19FD66F7-9AFA-467C-B659-B7712FD427A8}.Debug|Any CPU.Build.0 = Debug|Any CPU
		{19FD66F7-9AFA-467C-B659-B7712FD427A8}.Release|Any CPU.ActiveCfg = Release|Any CPU
		{19FD66F7-9AFA-467C-B659-B7712FD427A8}.Release|Any CPU.Build.0 = Release|Any CPU
		{FA3B8452-E752-4E3D-9916-1D4FD7182995}.Debug|Any CPU.ActiveCfg = Debug|Any CPU
		{FA3B8452-E752-4E3D-9916-1D4FD7182995}.Debug|Any CPU.Build.0 = Debug|Any CPU
		{FA3B8452-E752-4E3D-9916-1D4FD7182995}.Release|Any CPU.ActiveCfg = Release|Any CPU
		{FA3B8452-E752-4E3D-9916-1D4FD7182995}.Release|Any CPU.Build.0 = Release|Any CPU
		{1308799F-6094-4567-A388-3B80FD2C0FD5}.Debug|Any CPU.ActiveCfg = Debug|Any CPU
		{1308799F-6094-4567-A388-3B80FD2C0FD5}.Debug|Any CPU.Build.0 = Debug|Any CPU
		{1308799F-6094-4567-A388-3B80FD2C0FD5}.Release|Any CPU.ActiveCfg = Release|Any CPU
		{1308799F-6094-4567-A388-3B80FD2C0FD5}.Release|Any CPU.Build.0 = Release|Any CPU
		{8331AEFA-E461-4EC6-B54B-16056A6E1CAC}.Debug|Any CPU.ActiveCfg = Debug|Any CPU
		{8331AEFA-E461-4EC6-B54B-16056A6E1CAC}.Debug|Any CPU.Build.0 = Debug|Any CPU
		{8331AEFA-E461-4EC6-B54B-16056A6E1CAC}.Release|Any CPU.ActiveCfg = Release|Any CPU
		{8331AEFA-E461-4EC6-B54B-16056A6E1CAC}.Release|Any CPU.Build.0 = Release|Any CPU
		{AB0BE10B-BDDA-4CD5-B0E8-EF0025ED2F7C}.Debug|Any CPU.ActiveCfg = Debug|Any CPU
		{AB0BE10B-BDDA-4CD5-B0E8-EF0025ED2F7C}.Debug|Any CPU.Build.0 = Debug|Any CPU
		{AB0BE10B-BDDA-4CD5-B0E8-EF0025ED2F7C}.Release|Any CPU.ActiveCfg = Release|Any CPU
		{AB0BE10B-BDDA-4CD5-B0E8-EF0025ED2F7C}.Release|Any CPU.Build.0 = Release|Any CPU
		{CE31FCB9-2890-477A-B064-A14CE36F6E26}.Debug|Any CPU.ActiveCfg = Debug|Any CPU
		{CE31FCB9-2890-477A-B064-A14CE36F6E26}.Debug|Any CPU.Build.0 = Debug|Any CPU
		{CE31FCB9-2890-477A-B064-A14CE36F6E26}.Release|Any CPU.ActiveCfg = Release|Any CPU
		{CE31FCB9-2890-477A-B064-A14CE36F6E26}.Release|Any CPU.Build.0 = Release|Any CPU
		{CE11BC1C-E8DA-48E5-877F-ACB91752CB79}.Debug|Any CPU.ActiveCfg = Debug|Any CPU
		{CE11BC1C-E8DA-48E5-877F-ACB91752CB79}.Debug|Any CPU.Build.0 = Debug|Any CPU
		{CE11BC1C-E8DA-48E5-877F-ACB91752CB79}.Release|Any CPU.ActiveCfg = Release|Any CPU
		{CE11BC1C-E8DA-48E5-877F-ACB91752CB79}.Release|Any CPU.Build.0 = Release|Any CPU
	EndGlobalSection
EndGlobal
