
Microsoft Visual Studio Solution File, Format Version 12.00
Project("{2150E333-8FDC-42A3-9474-1A3956D46DE8}") = "Services", "Services", "{5854FF58-B8C5-05C6-5BF2-ACE42193F22B}"
EndProject
Project("{2150E333-8FDC-42A3-9474-1A3956D46DE8}") = "Gateway", "Gateway", "{96888889-FC81-1FD9-7DA3-65FF32B7E052}"
	ProjectSection(SolutionItems) = preProject
		services\Gateway\Dockerfile = services\Gateway\Dockerfile
		services\Gateway\nginx.conf = services\Gateway\nginx.conf
	EndProjectSection
EndProject
Project("{2150E333-8FDC-42A3-9474-1A3956D46DE8}") = "Identity", "Identity", "{357A7C97-5AE1-023F-1442-0D9F9AF22A31}"
EndProject
Project("{FAE04EC0-301F-11D3-BF4B-00C04F79EFBC}") = "Identity.Emails", "services\Identity\Identity.Emails\Identity.Emails.csproj", "{F090977C-4A52-0887-40AB-16B75B23ADA4}"
EndProject
Project("{FAE04EC0-301F-11D3-BF4B-00C04F79EFBC}") = "Identity.Persistence", "services\Identity\Identity.Persistence\Identity.Persistence.csproj", "{70945123-CBF2-A86F-921A-4FFBC2F2BE20}"
EndProject
Project("{FAE04EC0-301F-11D3-BF4B-00C04F79EFBC}") = "Identity.Web", "services\Identity\Identity.Web\Identity.Web.csproj", "{D87565EA-5753-6D13-979F-3AA4A47E7EC4}"
EndProject
Project("{2150E333-8FDC-42A3-9474-1A3956D46DE8}") = "Messages", "Messages", "{E9541DCE-ECAD-262E-4CCC-30275377D830}"
EndProject
Project("{FAE04EC0-301F-11D3-BF4B-00C04F79EFBC}") = "Messages.Contracts", "services\Messages\Messages.Contracts\Messages.Contracts.csproj", "{FFC488A0-8C6D-EBA1-B977-A4254BACEB4E}"
EndProject
Project("{FAE04EC0-301F-11D3-BF4B-00C04F79EFBC}") = "Messages.SignalRNotifier", "services\Messages\Messages.SignalRNotifier\Messages.SignalRNotifier.csproj", "{40564E4A-156A-1EE2-8DC8-464F5320F265}"
EndProject
Project("{2150E333-8FDC-42A3-9474-1A3956D46DE8}") = "Commands", "Commands", "{F7F000ED-4E5F-C76F-0AE9-7D049511C9EE}"
EndProject
Project("{FAE04EC0-301F-11D3-BF4B-00C04F79EFBC}") = "Messages.Commands.Application", "services\Messages\Commands\Messages.Commands.Application\Messages.Commands.Application.csproj", "{D801ADC2-5402-1003-5097-4CB8A3316EFA}"
EndProject
Project("{FAE04EC0-301F-11D3-BF4B-00C04F79EFBC}") = "Messages.Commands.Domain", "services\Messages\Commands\Messages.Commands.Domain\Messages.Commands.Domain.csproj", "{CBC1AEE9-9C46-DB5B-AD84-97121AF4A85D}"
EndProject
Project("{FAE04EC0-301F-11D3-BF4B-00C04F79EFBC}") = "Messages.Commands.MassTransit", "services\Messages\Commands\Messages.Commands.MassTransit\Messages.Commands.MassTransit.csproj", "{334CE404-5E85-8494-B3B0-DE627516BCDC}"
EndProject
Project("{FAE04EC0-301F-11D3-BF4B-00C04F79EFBC}") = "Messages.Commands.Persistence", "services\Messages\Commands\Messages.Commands.Persistence\Messages.Commands.Persistence.csproj", "{A6C3299E-08FC-9750-0E8A-FED590E4EF38}"
EndProject
Project("{FAE04EC0-301F-11D3-BF4B-00C04F79EFBC}") = "Messages.Commands.Web", "services\Messages\Commands\Messages.Commands.Web\Messages.Commands.Web.csproj", "{37BA9EFA-5B65-6D9F-31D3-956FE78A68C2}"
EndProject
Project("{2150E333-8FDC-42A3-9474-1A3956D46DE8}") = "Queries", "Queries", "{57586A7A-115C-C4E6-1ACC-B053764B7001}"
EndProject
Project("{FAE04EC0-301F-11D3-BF4B-00C04F79EFBC}") = "Messages.Queries.Application", "services\Messages\Queries\Messages.Queries.Application\Messages.Queries.Application.csproj", "{DF59CD59-2461-6A9C-4595-4E902BA2AA94}"
EndProject
Project("{FAE04EC0-301F-11D3-BF4B-00C04F79EFBC}") = "Messages.Queries.MassTransit", "services\Messages\Queries\Messages.Queries.MassTransit\Messages.Queries.MassTransit.csproj", "{7712AD3B-7A53-121A-E262-93A06BCDC378}"
EndProject
Project("{FAE04EC0-301F-11D3-BF4B-00C04F79EFBC}") = "Messages.Queries.Persistence", "services\Messages\Queries\Messages.Queries.Persistence\Messages.Queries.Persistence.csproj", "{4B2B5C33-AD12-B9F3-D792-67F39EAA49E7}"
EndProject
Project("{FAE04EC0-301F-11D3-BF4B-00C04F79EFBC}") = "Messages.Queries.Web", "services\Messages\Queries\Messages.Queries.Web\Messages.Queries.Web.csproj", "{7E13E399-8367-E21D-6789-CF02C611881E}"
EndProject
Project("{2150E333-8FDC-42A3-9474-1A3956D46DE8}") = "SignalRNotifier", "SignalRNotifier", "{BDFC8699-7A23-B0BA-6A22-0DA0ED54AD6A}"
EndProject
Project("{2150E333-8FDC-42A3-9474-1A3956D46DE8}") = "Shared", "Shared", "{A5EA1F1E-CB03-3F21-7936-AD93D9E269C9}"
EndProject
Project("{FAE04EC0-301F-11D3-BF4B-00C04F79EFBC}") = "Shared.Abstractions", "services\Shared\Shared.Abstractions\Shared.Abstractions.csproj", "{0D41F8A9-4668-B9D9-A710-CF334517AB11}"
EndProject
Project("{FAE04EC0-301F-11D3-BF4B-00C04F79EFBC}") = "Shared.Domain", "services\Shared\Shared.Domain\Shared.Domain.csproj", "{DD84CC3F-62CE-398C-7BEC-87F9EC8E69A6}"
EndProject
Project("{FAE04EC0-301F-11D3-BF4B-00C04F79EFBC}") = "Shared.EntityFramework", "services\Shared\Shared.EntityFramework\Shared.EntityFramework.csproj", "{639D83DB-46B1-C19D-8F2E-CB55B343A8CB}"
EndProject
Project("{FAE04EC0-301F-11D3-BF4B-00C04F79EFBC}") = "Shared.Marten", "services\Shared\Shared.Marten\Shared.Marten.csproj", "{2152F2FF-2A89-1BFF-802D-7291E6F33BB2}"
EndProject
Project("{FAE04EC0-301F-11D3-BF4B-00C04F79EFBC}") = "Shared.MediatR", "services\Shared\Shared.MediatR\Shared.MediatR.csproj", "{3E5EA83D-514A-9309-C599-8C16B2C41509}"
EndProject
Project("{FAE04EC0-301F-11D3-BF4B-00C04F79EFBC}") = "Shared.OpenTelemetry", "services\Shared\Shared.OpenTelemetry\Shared.OpenTelemetry.csproj", "{A3DCF666-8967-58C7-6C44-1BD6E6155861}"
EndProject
Project("{FAE04EC0-301F-11D3-BF4B-00C04F79EFBC}") = "Shared.Redis", "services\Shared\Shared.Redis\Shared.Redis.csproj", "{EA9C7DFB-A2A6-D609-AF56-C98B7D381A2A}"
EndProject
Project("{FAE04EC0-301F-11D3-BF4B-00C04F79EFBC}") = "Shared.Web", "services\Shared\Shared.Web\Shared.Web.csproj", "{D0ACB56E-F811-5CE6-E0AC-84C23932C212}"
EndProject
Project("{2150E333-8FDC-42A3-9474-1A3956D46DE8}") = "Solution Items", "Solution Items", "{089100B1-113F-4E66-888A-E83F3999EAFD}"
	ProjectSection(SolutionItems) = preProject
		docker-compose.yml = docker-compose.yml
		docker-compose.override.yml = docker-compose.override.yml
		.env = .env
	EndProjectSection
EndProject
Project("{2150E333-8FDC-42A3-9474-1A3956D46DE8}") = "Tests", "Tests", "{0AB3BF05-4346-4AA6-1389-037BE0695223}"
EndProject
Project("{FAE04EC0-301F-11D3-BF4B-00C04F79EFBC}") = "Messages.SignalRNotifier.Tests", "tests\Messages.SignalRNotifier.Tests\Messages.SignalRNotifier.Tests.csproj", "{7C8F07A3-069D-43E7-2F3E-BC81C4FA220E}"
EndProject
Project("{FAE04EC0-301F-11D3-BF4B-00C04F79EFBC}") = "Messages.Commands.Tests", "tests\Messages.Commands.Tests\Messages.Commands.Tests.csproj", "{32236F32-FCFF-ACC0-8906-38C7FBB19CE9}"
EndProject
Project("{FAE04EC0-301F-11D3-BF4B-00C04F79EFBC}") = "Messages.Queries.Tests", "tests\Messages.Queries.Tests\Messages.Queries.Tests.csproj", "{E9EFE02A-4DEA-EFFB-DF75-101A4588D696}"
EndProject
Global
	GlobalSection(SolutionConfigurationPlatforms) = preSolution
		Debug|Any CPU = Debug|Any CPU
		Release|Any CPU = Release|Any CPU
	EndGlobalSection
	GlobalSection(ProjectConfigurationPlatforms) = postSolution
		{F090977C-4A52-0887-40AB-16B75B23ADA4}.Debug|Any CPU.ActiveCfg = Debug|Any CPU
		{F090977C-4A52-0887-40AB-16B75B23ADA4}.Debug|Any CPU.Build.0 = Debug|Any CPU
		{F090977C-4A52-0887-40AB-16B75B23ADA4}.Release|Any CPU.ActiveCfg = Release|Any CPU
		{F090977C-4A52-0887-40AB-16B75B23ADA4}.Release|Any CPU.Build.0 = Release|Any CPU
		{70945123-CBF2-A86F-921A-4FFBC2F2BE20}.Debug|Any CPU.ActiveCfg = Debug|Any CPU
		{70945123-CBF2-A86F-921A-4FFBC2F2BE20}.Debug|Any CPU.Build.0 = Debug|Any CPU
		{70945123-CBF2-A86F-921A-4FFBC2F2BE20}.Release|Any CPU.ActiveCfg = Release|Any CPU
		{70945123-CBF2-A86F-921A-4FFBC2F2BE20}.Release|Any CPU.Build.0 = Release|Any CPU
		{D87565EA-5753-6D13-979F-3AA4A47E7EC4}.Debug|Any CPU.ActiveCfg = Debug|Any CPU
		{D87565EA-5753-6D13-979F-3AA4A47E7EC4}.Debug|Any CPU.Build.0 = Debug|Any CPU
		{D87565EA-5753-6D13-979F-3AA4A47E7EC4}.Release|Any CPU.ActiveCfg = Release|Any CPU
		{D87565EA-5753-6D13-979F-3AA4A47E7EC4}.Release|Any CPU.Build.0 = Release|Any CPU
		{FFC488A0-8C6D-EBA1-B977-A4254BACEB4E}.Debug|Any CPU.ActiveCfg = Debug|Any CPU
		{FFC488A0-8C6D-EBA1-B977-A4254BACEB4E}.Debug|Any CPU.Build.0 = Debug|Any CPU
		{FFC488A0-8C6D-EBA1-B977-A4254BACEB4E}.Release|Any CPU.ActiveCfg = Release|Any CPU
		{FFC488A0-8C6D-EBA1-B977-A4254BACEB4E}.Release|Any CPU.Build.0 = Release|Any CPU
		{40564E4A-156A-1EE2-8DC8-464F5320F265}.Debug|Any CPU.ActiveCfg = Debug|Any CPU
		{40564E4A-156A-1EE2-8DC8-464F5320F265}.Debug|Any CPU.Build.0 = Debug|Any CPU
		{40564E4A-156A-1EE2-8DC8-464F5320F265}.Release|Any CPU.ActiveCfg = Release|Any CPU
		{40564E4A-156A-1EE2-8DC8-464F5320F265}.Release|Any CPU.Build.0 = Release|Any CPU
		{D801ADC2-5402-1003-5097-4CB8A3316EFA}.Debug|Any CPU.ActiveCfg = Debug|Any CPU
		{D801ADC2-5402-1003-5097-4CB8A3316EFA}.Debug|Any CPU.Build.0 = Debug|Any CPU
		{D801ADC2-5402-1003-5097-4CB8A3316EFA}.Release|Any CPU.ActiveCfg = Release|Any CPU
		{D801ADC2-5402-1003-5097-4CB8A3316EFA}.Release|Any CPU.Build.0 = Release|Any CPU
		{CBC1AEE9-9C46-DB5B-AD84-97121AF4A85D}.Debug|Any CPU.ActiveCfg = Debug|Any CPU
		{CBC1AEE9-9C46-DB5B-AD84-97121AF4A85D}.Debug|Any CPU.Build.0 = Debug|Any CPU
		{CBC1AEE9-9C46-DB5B-AD84-97121AF4A85D}.Release|Any CPU.ActiveCfg = Release|Any CPU
		{CBC1AEE9-9C46-DB5B-AD84-97121AF4A85D}.Release|Any CPU.Build.0 = Release|Any CPU
		{334CE404-5E85-8494-B3B0-DE627516BCDC}.Debug|Any CPU.ActiveCfg = Debug|Any CPU
		{334CE404-5E85-8494-B3B0-DE627516BCDC}.Debug|Any CPU.Build.0 = Debug|Any CPU
		{334CE404-5E85-8494-B3B0-DE627516BCDC}.Release|Any CPU.ActiveCfg = Release|Any CPU
		{334CE404-5E85-8494-B3B0-DE627516BCDC}.Release|Any CPU.Build.0 = Release|Any CPU
		{A6C3299E-08FC-9750-0E8A-FED590E4EF38}.Debug|Any CPU.ActiveCfg = Debug|Any CPU
		{A6C3299E-08FC-9750-0E8A-FED590E4EF38}.Debug|Any CPU.Build.0 = Debug|Any CPU
		{A6C3299E-08FC-9750-0E8A-FED590E4EF38}.Release|Any CPU.ActiveCfg = Release|Any CPU
		{A6C3299E-08FC-9750-0E8A-FED590E4EF38}.Release|Any CPU.Build.0 = Release|Any CPU
		{37BA9EFA-5B65-6D9F-31D3-956FE78A68C2}.Debug|Any CPU.ActiveCfg = Debug|Any CPU
		{37BA9EFA-5B65-6D9F-31D3-956FE78A68C2}.Debug|Any CPU.Build.0 = Debug|Any CPU
		{37BA9EFA-5B65-6D9F-31D3-956FE78A68C2}.Release|Any CPU.ActiveCfg = Release|Any CPU
		{37BA9EFA-5B65-6D9F-31D3-956FE78A68C2}.Release|Any CPU.Build.0 = Release|Any CPU
		{DF59CD59-2461-6A9C-4595-4E902BA2AA94}.Debug|Any CPU.ActiveCfg = Debug|Any CPU
		{DF59CD59-2461-6A9C-4595-4E902BA2AA94}.Debug|Any CPU.Build.0 = Debug|Any CPU
		{DF59CD59-2461-6A9C-4595-4E902BA2AA94}.Release|Any CPU.ActiveCfg = Release|Any CPU
		{DF59CD59-2461-6A9C-4595-4E902BA2AA94}.Release|Any CPU.Build.0 = Release|Any CPU
		{7712AD3B-7A53-121A-E262-93A06BCDC378}.Debug|Any CPU.ActiveCfg = Debug|Any CPU
		{7712AD3B-7A53-121A-E262-93A06BCDC378}.Debug|Any CPU.Build.0 = Debug|Any CPU
		{7712AD3B-7A53-121A-E262-93A06BCDC378}.Release|Any CPU.ActiveCfg = Release|Any CPU
		{7712AD3B-7A53-121A-E262-93A06BCDC378}.Release|Any CPU.Build.0 = Release|Any CPU
		{4B2B5C33-AD12-B9F3-D792-67F39EAA49E7}.Debug|Any CPU.ActiveCfg = Debug|Any CPU
		{4B2B5C33-AD12-B9F3-D792-67F39EAA49E7}.Debug|Any CPU.Build.0 = Debug|Any CPU
		{4B2B5C33-AD12-B9F3-D792-67F39EAA49E7}.Release|Any CPU.ActiveCfg = Release|Any CPU
		{4B2B5C33-AD12-B9F3-D792-67F39EAA49E7}.Release|Any CPU.Build.0 = Release|Any CPU
		{7E13E399-8367-E21D-6789-CF02C611881E}.Debug|Any CPU.ActiveCfg = Debug|Any CPU
		{7E13E399-8367-E21D-6789-CF02C611881E}.Debug|Any CPU.Build.0 = Debug|Any CPU
		{7E13E399-8367-E21D-6789-CF02C611881E}.Release|Any CPU.ActiveCfg = Release|Any CPU
		{7E13E399-8367-E21D-6789-CF02C611881E}.Release|Any CPU.Build.0 = Release|Any CPU
		{0D41F8A9-4668-B9D9-A710-CF334517AB11}.Debug|Any CPU.ActiveCfg = Debug|Any CPU
		{0D41F8A9-4668-B9D9-A710-CF334517AB11}.Debug|Any CPU.Build.0 = Debug|Any CPU
		{0D41F8A9-4668-B9D9-A710-CF334517AB11}.Release|Any CPU.ActiveCfg = Release|Any CPU
		{0D41F8A9-4668-B9D9-A710-CF334517AB11}.Release|Any CPU.Build.0 = Release|Any CPU
		{DD84CC3F-62CE-398C-7BEC-87F9EC8E69A6}.Debug|Any CPU.ActiveCfg = Debug|Any CPU
		{DD84CC3F-62CE-398C-7BEC-87F9EC8E69A6}.Debug|Any CPU.Build.0 = Debug|Any CPU
		{DD84CC3F-62CE-398C-7BEC-87F9EC8E69A6}.Release|Any CPU.ActiveCfg = Release|Any CPU
		{DD84CC3F-62CE-398C-7BEC-87F9EC8E69A6}.Release|Any CPU.Build.0 = Release|Any CPU
		{639D83DB-46B1-C19D-8F2E-CB55B343A8CB}.Debug|Any CPU.ActiveCfg = Debug|Any CPU
		{639D83DB-46B1-C19D-8F2E-CB55B343A8CB}.Debug|Any CPU.Build.0 = Debug|Any CPU
		{639D83DB-46B1-C19D-8F2E-CB55B343A8CB}.Release|Any CPU.ActiveCfg = Release|Any CPU
		{639D83DB-46B1-C19D-8F2E-CB55B343A8CB}.Release|Any CPU.Build.0 = Release|Any CPU
		{2152F2FF-2A89-1BFF-802D-7291E6F33BB2}.Debug|Any CPU.ActiveCfg = Debug|Any CPU
		{2152F2FF-2A89-1BFF-802D-7291E6F33BB2}.Debug|Any CPU.Build.0 = Debug|Any CPU
		{2152F2FF-2A89-1BFF-802D-7291E6F33BB2}.Release|Any CPU.ActiveCfg = Release|Any CPU
		{2152F2FF-2A89-1BFF-802D-7291E6F33BB2}.Release|Any CPU.Build.0 = Release|Any CPU
		{3E5EA83D-514A-9309-C599-8C16B2C41509}.Debug|Any CPU.ActiveCfg = Debug|Any CPU
		{3E5EA83D-514A-9309-C599-8C16B2C41509}.Debug|Any CPU.Build.0 = Debug|Any CPU
		{3E5EA83D-514A-9309-C599-8C16B2C41509}.Release|Any CPU.ActiveCfg = Release|Any CPU
		{3E5EA83D-514A-9309-C599-8C16B2C41509}.Release|Any CPU.Build.0 = Release|Any CPU
		{A3DCF666-8967-58C7-6C44-1BD6E6155861}.Debug|Any CPU.ActiveCfg = Debug|Any CPU
		{A3DCF666-8967-58C7-6C44-1BD6E6155861}.Debug|Any CPU.Build.0 = Debug|Any CPU
		{A3DCF666-8967-58C7-6C44-1BD6E6155861}.Release|Any CPU.ActiveCfg = Release|Any CPU
		{A3DCF666-8967-58C7-6C44-1BD6E6155861}.Release|Any CPU.Build.0 = Release|Any CPU
		{EA9C7DFB-A2A6-D609-AF56-C98B7D381A2A}.Debug|Any CPU.ActiveCfg = Debug|Any CPU
		{EA9C7DFB-A2A6-D609-AF56-C98B7D381A2A}.Debug|Any CPU.Build.0 = Debug|Any CPU
		{EA9C7DFB-A2A6-D609-AF56-C98B7D381A2A}.Release|Any CPU.ActiveCfg = Release|Any CPU
		{EA9C7DFB-A2A6-D609-AF56-C98B7D381A2A}.Release|Any CPU.Build.0 = Release|Any CPU
		{D0ACB56E-F811-5CE6-E0AC-84C23932C212}.Debug|Any CPU.ActiveCfg = Debug|Any CPU
		{D0ACB56E-F811-5CE6-E0AC-84C23932C212}.Debug|Any CPU.Build.0 = Debug|Any CPU
		{D0ACB56E-F811-5CE6-E0AC-84C23932C212}.Release|Any CPU.ActiveCfg = Release|Any CPU
		{D0ACB56E-F811-5CE6-E0AC-84C23932C212}.Release|Any CPU.Build.0 = Release|Any CPU
		{7C8F07A3-069D-43E7-2F3E-BC81C4FA220E}.Debug|Any CPU.ActiveCfg = Debug|Any CPU
		{7C8F07A3-069D-43E7-2F3E-BC81C4FA220E}.Debug|Any CPU.Build.0 = Debug|Any CPU
		{7C8F07A3-069D-43E7-2F3E-BC81C4FA220E}.Release|Any CPU.ActiveCfg = Release|Any CPU
		{7C8F07A3-069D-43E7-2F3E-BC81C4FA220E}.Release|Any CPU.Build.0 = Release|Any CPU
		{32236F32-FCFF-ACC0-8906-38C7FBB19CE9}.Debug|Any CPU.ActiveCfg = Debug|Any CPU
		{32236F32-FCFF-ACC0-8906-38C7FBB19CE9}.Debug|Any CPU.Build.0 = Debug|Any CPU
		{32236F32-FCFF-ACC0-8906-38C7FBB19CE9}.Release|Any CPU.ActiveCfg = Release|Any CPU
		{32236F32-FCFF-ACC0-8906-38C7FBB19CE9}.Release|Any CPU.Build.0 = Release|Any CPU
		{E9EFE02A-4DEA-EFFB-DF75-101A4588D696}.Debug|Any CPU.ActiveCfg = Debug|Any CPU
		{E9EFE02A-4DEA-EFFB-DF75-101A4588D696}.Debug|Any CPU.Build.0 = Debug|Any CPU
		{E9EFE02A-4DEA-EFFB-DF75-101A4588D696}.Release|Any CPU.ActiveCfg = Release|Any CPU
		{E9EFE02A-4DEA-EFFB-DF75-101A4588D696}.Release|Any CPU.Build.0 = Release|Any CPU
	EndGlobalSection
	GlobalSection(NestedProjects) = preSolution
		{96888889-FC81-1FD9-7DA3-65FF32B7E052} = {5854FF58-B8C5-05C6-5BF2-ACE42193F22B}
		{357A7C97-5AE1-023F-1442-0D9F9AF22A31} = {5854FF58-B8C5-05C6-5BF2-ACE42193F22B}
		{E9541DCE-ECAD-262E-4CCC-30275377D830} = {5854FF58-B8C5-05C6-5BF2-ACE42193F22B}
		{A5EA1F1E-CB03-3F21-7936-AD93D9E269C9} = {5854FF58-B8C5-05C6-5BF2-ACE42193F22B}
		{F090977C-4A52-0887-40AB-16B75B23ADA4} = {357A7C97-5AE1-023F-1442-0D9F9AF22A31}
		{70945123-CBF2-A86F-921A-4FFBC2F2BE20} = {357A7C97-5AE1-023F-1442-0D9F9AF22A31}
		{D87565EA-5753-6D13-979F-3AA4A47E7EC4} = {357A7C97-5AE1-023F-1442-0D9F9AF22A31}
		{FFC488A0-8C6D-EBA1-B977-A4254BACEB4E} = {E9541DCE-ECAD-262E-4CCC-30275377D830}
		{40564E4A-156A-1EE2-8DC8-464F5320F265} = {E9541DCE-ECAD-262E-4CCC-30275377D830}
		{F7F000ED-4E5F-C76F-0AE9-7D049511C9EE} = {E9541DCE-ECAD-262E-4CCC-30275377D830}
		{57586A7A-115C-C4E6-1ACC-B053764B7001} = {E9541DCE-ECAD-262E-4CCC-30275377D830}
		{BDFC8699-7A23-B0BA-6A22-0DA0ED54AD6A} = {E9541DCE-ECAD-262E-4CCC-30275377D830}
		{D801ADC2-5402-1003-5097-4CB8A3316EFA} = {F7F000ED-4E5F-C76F-0AE9-7D049511C9EE}
		{CBC1AEE9-9C46-DB5B-AD84-97121AF4A85D} = {F7F000ED-4E5F-C76F-0AE9-7D049511C9EE}
		{334CE404-5E85-8494-B3B0-DE627516BCDC} = {F7F000ED-4E5F-C76F-0AE9-7D049511C9EE}
		{A6C3299E-08FC-9750-0E8A-FED590E4EF38} = {F7F000ED-4E5F-C76F-0AE9-7D049511C9EE}
		{37BA9EFA-5B65-6D9F-31D3-956FE78A68C2} = {F7F000ED-4E5F-C76F-0AE9-7D049511C9EE}
		{DF59CD59-2461-6A9C-4595-4E902BA2AA94} = {57586A7A-115C-C4E6-1ACC-B053764B7001}
		{7712AD3B-7A53-121A-E262-93A06BCDC378} = {57586A7A-115C-C4E6-1ACC-B053764B7001}
		{4B2B5C33-AD12-B9F3-D792-67F39EAA49E7} = {57586A7A-115C-C4E6-1ACC-B053764B7001}
		{7E13E399-8367-E21D-6789-CF02C611881E} = {57586A7A-115C-C4E6-1ACC-B053764B7001}
		{0D41F8A9-4668-B9D9-A710-CF334517AB11} = {A5EA1F1E-CB03-3F21-7936-AD93D9E269C9}
		{DD84CC3F-62CE-398C-7BEC-87F9EC8E69A6} = {A5EA1F1E-CB03-3F21-7936-AD93D9E269C9}
		{639D83DB-46B1-C19D-8F2E-CB55B343A8CB} = {A5EA1F1E-CB03-3F21-7936-AD93D9E269C9}
		{2152F2FF-2A89-1BFF-802D-7291E6F33BB2} = {A5EA1F1E-CB03-3F21-7936-AD93D9E269C9}
		{3E5EA83D-514A-9309-C599-8C16B2C41509} = {A5EA1F1E-CB03-3F21-7936-AD93D9E269C9}
		{A3DCF666-8967-58C7-6C44-1BD6E6155861} = {A5EA1F1E-CB03-3F21-7936-AD93D9E269C9}
		{EA9C7DFB-A2A6-D609-AF56-C98B7D381A2A} = {A5EA1F1E-CB03-3F21-7936-AD93D9E269C9}
		{D0ACB56E-F811-5CE6-E0AC-84C23932C212} = {A5EA1F1E-CB03-3F21-7936-AD93D9E269C9}
		{7C8F07A3-069D-43E7-2F3E-BC81C4FA220E} = {0AB3BF05-4346-4AA6-1389-037BE0695223}
		{32236F32-FCFF-ACC0-8906-38C7FBB19CE9} = {0AB3BF05-4346-4AA6-1389-037BE0695223}
		{E9EFE02A-4DEA-EFFB-DF75-101A4588D696} = {0AB3BF05-4346-4AA6-1389-037BE0695223}
	EndGlobalSection
EndGlobal
